// !$*UTF8*$!
{
	archiveVersion = 1;
	classes = {
	};
	objectVersion = 46;
	objects = {

/* Begin PBXBuildFile section */
		A609C91E6FB2613CEF9D818C /* libPods-UCloudMediaRecorderDemo.a in Frameworks */ = {isa = PBXBuildFile; fileRef = 1503CDB86213C731232B15BB /* libPods-UCloudMediaRecorderDemo.a */; };
		C1D11FC01DEEE0CB00569A5D /* ucloud_logo.png in Resources */ = {isa = PBXBuildFile; fileRef = C1D11FBE1DEEE0CB00569A5D /* ucloud_logo.png */; };
		C1D11FC31DEEE8DE00569A5D /* audioMixTest.mp3 in Resources */ = {isa = PBXBuildFile; fileRef = C1D11FC21DEEE8DE00569A5D /* audioMixTest.mp3 */; };
		E90243881F4ACB9400450ADA /* UCDAgoraClient.mm in Sources */ = {isa = PBXBuildFile; fileRef = E90243101F4ACB9400450ADA /* UCDAgoraClient.mm */; };
		E90243891F4ACB9400450ADA /* UCDAgoraServiceKit.m in Sources */ = {isa = PBXBuildFile; fileRef = E90243121F4ACB9400450ADA /* UCDAgoraServiceKit.m */; };
		E902438A1F4ACB9400450ADA /* NetworkInfo.m in Sources */ = {isa = PBXBuildFile; fileRef = E90243151F4ACB9400450ADA /* NetworkInfo.m */; };
		E902438B1F4ACB9400450ADA /* FilterPopoverViewCell.m in Sources */ = {isa = PBXBuildFile; fileRef = E90243181F4ACB9400450ADA /* FilterPopoverViewCell.m */; };
		E902438C1F4ACB9400450ADA /* PopoverAction.m in Sources */ = {isa = PBXBuildFile; fileRef = E902431A1F4ACB9400450ADA /* PopoverAction.m */; };
		E902438D1F4ACB9400450ADA /* PopoverView.m in Sources */ = {isa = PBXBuildFile; fileRef = E902431C1F4ACB9400450ADA /* PopoverView.m */; };
		E902438E1F4ACB9400450ADA /* PopoverViewCell.m in Sources */ = {isa = PBXBuildFile; fileRef = E902431E1F4ACB9400450ADA /* PopoverViewCell.m */; };
		E902438F1F4ACB9400450ADA /* UINavigationController+Rotation.m in Sources */ = {isa = PBXBuildFile; fileRef = E90243211F4ACB9400450ADA /* UINavigationController+Rotation.m */; };
		E90243901F4ACB9400450ADA /* UITabBarController+shouldAutorotate.m in Sources */ = {isa = PBXBuildFile; fileRef = E90243231F4ACB9400450ADA /* UITabBarController+shouldAutorotate.m */; };
		E90243911F4ACB9400450ADA /* CAAnimation+Extensions.m in Sources */ = {isa = PBXBuildFile; fileRef = E90243271F4ACB9400450ADA /* CAAnimation+Extensions.m */; };
		E90243921F4ACB9400450ADA /* JGProgressHUD Resources.bundle in Resources */ = {isa = PBXBuildFile; fileRef = E90243291F4ACB9400450ADA /* JGProgressHUD Resources.bundle */; };
		E90243931F4ACB9400450ADA /* JGProgressHUD.m in Sources */ = {isa = PBXBuildFile; fileRef = E902432C1F4ACB9400450ADA /* JGProgressHUD.m */; };
		E90243941F4ACB9400450ADA /* JGProgressHUDAnimation.m in Sources */ = {isa = PBXBuildFile; fileRef = E902432E1F4ACB9400450ADA /* JGProgressHUDAnimation.m */; };
		E90243951F4ACB9400450ADA /* JGProgressHUDErrorIndicatorView.m in Sources */ = {isa = PBXBuildFile; fileRef = E90243301F4ACB9400450ADA /* JGProgressHUDErrorIndicatorView.m */; };
		E90243961F4ACB9400450ADA /* JGProgressHUDFadeAnimation.m in Sources */ = {isa = PBXBuildFile; fileRef = E90243321F4ACB9400450ADA /* JGProgressHUDFadeAnimation.m */; };
		E90243971F4ACB9400450ADA /* JGProgressHUDFadeZoomAnimation.m in Sources */ = {isa = PBXBuildFile; fileRef = E90243341F4ACB9400450ADA /* JGProgressHUDFadeZoomAnimation.m */; };
		E90243981F4ACB9400450ADA /* JGProgressHUDImageIndicatorView.m in Sources */ = {isa = PBXBuildFile; fileRef = E90243361F4ACB9400450ADA /* JGProgressHUDImageIndicatorView.m */; };
		E90243991F4ACB9400450ADA /* JGProgressHUDIndeterminateIndicatorView.m in Sources */ = {isa = PBXBuildFile; fileRef = E90243381F4ACB9400450ADA /* JGProgressHUDIndeterminateIndicatorView.m */; };
		E902439A1F4ACB9400450ADA /* JGProgressHUDIndicatorView.m in Sources */ = {isa = PBXBuildFile; fileRef = E902433A1F4ACB9400450ADA /* JGProgressHUDIndicatorView.m */; };
		E902439B1F4ACB9400450ADA /* JGProgressHUDPieIndicatorView.m in Sources */ = {isa = PBXBuildFile; fileRef = E902433C1F4ACB9400450ADA /* JGProgressHUDPieIndicatorView.m */; };
		E902439C1F4ACB9400450ADA /* JGProgressHUDRingIndicatorView.m in Sources */ = {isa = PBXBuildFile; fileRef = E902433E1F4ACB9400450ADA /* JGProgressHUDRingIndicatorView.m */; };
		E902439D1F4ACB9400450ADA /* JGProgressHUDSuccessIndicatorView.m in Sources */ = {isa = PBXBuildFile; fileRef = E90243401F4ACB9400450ADA /* JGProgressHUDSuccessIndicatorView.m */; };
		E902439E1F4ACB9400450ADA /* LUNGradientView.m in Sources */ = {isa = PBXBuildFile; fileRef = E90243431F4ACB9400450ADA /* LUNGradientView.m */; };
		E902439F1F4ACB9400450ADA /* LUNSegmentedControl.m in Sources */ = {isa = PBXBuildFile; fileRef = E90243451F4ACB9400450ADA /* LUNSegmentedControl.m */; };
		E90243A01F4ACB9400450ADA /* UIView+LUNRemoveConstraints.m in Sources */ = {isa = PBXBuildFile; fileRef = E90243471F4ACB9400450ADA /* UIView+LUNRemoveConstraints.m */; };
		E90243A11F4ACB9400450ADA /* RadioBox.m in Sources */ = {isa = PBXBuildFile; fileRef = E902434A1F4ACB9400450ADA /* RadioBox.m */; };
		E90243A21F4ACB9400450ADA /* RadioGroup.m in Sources */ = {isa = PBXBuildFile; fileRef = E902434C1F4ACB9400450ADA /* RadioGroup.m */; };
		E90243A31F4ACB9400450ADA /* UMMobClick.framework in Frameworks */ = {isa = PBXBuildFile; fileRef = E902434E1F4ACB9400450ADA /* UMMobClick.framework */; };
		E90243A41F4ACB9400450ADA /* GetLogFile.m in Sources */ = {isa = PBXBuildFile; fileRef = E90243511F4ACB9400450ADA /* GetLogFile.m */; };
		E90243A51F4ACB9400450ADA /* InfoView.m in Sources */ = {isa = PBXBuildFile; fileRef = E90243531F4ACB9400450ADA /* InfoView.m */; };
		E90243A61F4ACB9400450ADA /* LogImageSource.bundle in Resources */ = {isa = PBXBuildFile; fileRef = E90243541F4ACB9400450ADA /* LogImageSource.bundle */; };
		E90243A71F4ACB9400450ADA /* XTPopView.m in Sources */ = {isa = PBXBuildFile; fileRef = E90243561F4ACB9400450ADA /* XTPopView.m */; };
		E90243A81F4ACB9400450ADA /* ZJLogManger.m in Sources */ = {isa = PBXBuildFile; fileRef = E90243581F4ACB9400450ADA /* ZJLogManger.m */; };
		E90243A91F4ACB9400450ADA /* ZJLogTextView.m in Sources */ = {isa = PBXBuildFile; fileRef = E902435A1F4ACB9400450ADA /* ZJLogTextView.m */; };
		E90244071F4AD9E600450ADA /* AboutViewController.m in Sources */ = {isa = PBXBuildFile; fileRef = E90243F51F4AD9E600450ADA /* AboutViewController.m */; };
		E90244081F4AD9E600450ADA /* AppDelegate.m in Sources */ = {isa = PBXBuildFile; fileRef = E90243F71F4AD9E600450ADA /* AppDelegate.m */; };
		E90244091F4AD9E600450ADA /* Assets.xcassets in Resources */ = {isa = PBXBuildFile; fileRef = E90243F81F4AD9E600450ADA /* Assets.xcassets */; };
		E902440B1F4AD9E600450ADA /* LaunchScreen.storyboard in Resources */ = {isa = PBXBuildFile; fileRef = E90243FA1F4AD9E600450ADA /* LaunchScreen.storyboard */; };
		E902440C1F4AD9E600450ADA /* Main.storyboard in Resources */ = {isa = PBXBuildFile; fileRef = E90243FB1F4AD9E600450ADA /* Main.storyboard */; };
		E902440D1F4AD9E600450ADA /* PlayViewController.m in Sources */ = {isa = PBXBuildFile; fileRef = E90243FD1F4AD9E600450ADA /* PlayViewController.m */; };
		E902440E1F4AD9E600450ADA /* PublishViewController.m in Sources */ = {isa = PBXBuildFile; fileRef = E90243FF1F4AD9E600450ADA /* PublishViewController.m */; };
		E902440F1F4AD9E600450ADA /* RTCLiveViewController.m in Sources */ = {isa = PBXBuildFile; fileRef = E90244011F4AD9E600450ADA /* RTCLiveViewController.m */; };
		E90244101F4AD9E600450ADA /* RTCMenuViewController.m in Sources */ = {isa = PBXBuildFile; fileRef = E90244031F4AD9E600450ADA /* RTCMenuViewController.m */; };
		E90244111F4AD9E600450ADA /* ViewController.m in Sources */ = {isa = PBXBuildFile; fileRef = E90244061F4AD9E600450ADA /* ViewController.m */; };
		E9271D411C3CC735000DBADF /* CoreVideo.framework in Frameworks */ = {isa = PBXBuildFile; fileRef = E9271D401C3CC735000DBADF /* CoreVideo.framework */; };
		E94670D51BD78B9B00374D7A /* main.m in Sources */ = {isa = PBXBuildFile; fileRef = E94670D41BD78B9B00374D7A /* main.m */; };
		E958BBAE1F7CE2A100C79AFD /* libresolv.tbd in Frameworks */ = {isa = PBXBuildFile; fileRef = E958BBAD1F7CE2A000C79AFD /* libresolv.tbd */; };
		E96627761BE75E4000FA5B03 /* AudioToolbox.framework in Frameworks */ = {isa = PBXBuildFile; fileRef = E96627751BE75E4000FA5B03 /* AudioToolbox.framework */; };
		E96627781BE75E4900FA5B03 /* VideoToolbox.framework in Frameworks */ = {isa = PBXBuildFile; fileRef = E96627771BE75E4900FA5B03 /* VideoToolbox.framework */; };
		E966277A1BE75E5000FA5B03 /* AVFoundation.framework in Frameworks */ = {isa = PBXBuildFile; fileRef = E96627791BE75E5000FA5B03 /* AVFoundation.framework */; };
		E966277C1BE75E5D00FA5B03 /* CoreMedia.framework in Frameworks */ = {isa = PBXBuildFile; fileRef = E966277B1BE75E5D00FA5B03 /* CoreMedia.framework */; };
		E96F3D8A1C17FE410099718A /* Default-568h@2x.png in Resources */ = {isa = PBXBuildFile; fileRef = E96F3D891C17FE410099718A /* Default-568h@2x.png */; };
		E979E3B01F4C24CB0030EF4C /* libsqlite3.tbd in Frameworks */ = {isa = PBXBuildFile; fileRef = E92E18E81E9F50F000CD6F1C /* libsqlite3.tbd */; };
		E979E3B11F4C24D70030EF4C /* CoreTelephony.framework in Frameworks */ = {isa = PBXBuildFile; fileRef = E909B3561E825863002ABC4F /* CoreTelephony.framework */; };
		E9ED2EDF1C0C551100BA59A6 /* libc++.tbd in Frameworks */ = {isa = PBXBuildFile; fileRef = E9ED2EDE1C0C551100BA59A6 /* libc++.tbd */; };
		E9ED2EE11C0C551900BA59A6 /* libz.tbd in Frameworks */ = {isa = PBXBuildFile; fileRef = E9ED2EE01C0C551900BA59A6 /* libz.tbd */; };
/* End PBXBuildFile section */

/* Begin PBXCopyFilesBuildPhase section */
		E916BED21DB791A400EB581E /* Embed Frameworks */ = {
			isa = PBXCopyFilesBuildPhase;
			buildActionMask = 2147483647;
			dstPath = "";
			dstSubfolderSpec = 10;
			files = (
			);
			name = "Embed Frameworks";
			runOnlyForDeploymentPostprocessing = 0;
		};
/* End PBXCopyFilesBuildPhase section */

/* Begin PBXFileReference section */
		1503CDB86213C731232B15BB /* libPods-UCloudMediaRecorderDemo.a */ = {isa = PBXFileReference; explicitFileType = archive.ar; includeInIndex = 0; path = "libPods-UCloudMediaRecorderDemo.a"; sourceTree = BUILT_PRODUCTS_DIR; };
		15DC108CA576EBCC27F13835 /* Pods-UCloudMediaRecorderDemo.release.xcconfig */ = {isa = PBXFileReference; includeInIndex = 1; lastKnownFileType = text.xcconfig; name = "Pods-UCloudMediaRecorderDemo.release.xcconfig"; path = "Pods/Target Support Files/Pods-UCloudMediaRecorderDemo/Pods-UCloudMediaRecorderDemo.release.xcconfig"; sourceTree = "<group>"; };
		C1D11FBE1DEEE0CB00569A5D /* ucloud_logo.png */ = {isa = PBXFileReference; lastKnownFileType = image.png; name = ucloud_logo.png; path = ../ucloud_logo.png; sourceTree = "<group>"; };
		C1D11FC21DEEE8DE00569A5D /* audioMixTest.mp3 */ = {isa = PBXFileReference; lastKnownFileType = audio.mp3; name = audioMixTest.mp3; path = ../audioMixTest.mp3; sourceTree = "<group>"; };
		E3144B3E1F62A6D07A906E62 /* Pods-UCloudMediaRecorderDemo.debug.xcconfig */ = {isa = PBXFileReference; includeInIndex = 1; lastKnownFileType = text.xcconfig; name = "Pods-UCloudMediaRecorderDemo.debug.xcconfig"; path = "Pods/Target Support Files/Pods-UCloudMediaRecorderDemo/Pods-UCloudMediaRecorderDemo.debug.xcconfig"; sourceTree = "<group>"; };
		E902430F1F4ACB9400450ADA /* UCDAgoraClient.h */ = {isa = PBXFileReference; fileEncoding = 4; lastKnownFileType = sourcecode.c.h; path = UCDAgoraClient.h; sourceTree = "<group>"; };
		E90243101F4ACB9400450ADA /* UCDAgoraClient.mm */ = {isa = PBXFileReference; fileEncoding = 4; lastKnownFileType = sourcecode.cpp.objcpp; path = UCDAgoraClient.mm; sourceTree = "<group>"; };
		E90243111F4ACB9400450ADA /* UCDAgoraServiceKit.h */ = {isa = PBXFileReference; fileEncoding = 4; lastKnownFileType = sourcecode.c.h; path = UCDAgoraServiceKit.h; sourceTree = "<group>"; };
		E90243121F4ACB9400450ADA /* UCDAgoraServiceKit.m */ = {isa = PBXFileReference; fileEncoding = 4; lastKnownFileType = sourcecode.c.objc; path = UCDAgoraServiceKit.m; sourceTree = "<group>"; };
		E90243141F4ACB9400450ADA /* NetworkInfo.h */ = {isa = PBXFileReference; fileEncoding = 4; lastKnownFileType = sourcecode.c.h; path = NetworkInfo.h; sourceTree = "<group>"; };
		E90243151F4ACB9400450ADA /* NetworkInfo.m */ = {isa = PBXFileReference; fileEncoding = 4; lastKnownFileType = sourcecode.c.objc; path = NetworkInfo.m; sourceTree = "<group>"; };
		E90243171F4ACB9400450ADA /* FilterPopoverViewCell.h */ = {isa = PBXFileReference; fileEncoding = 4; lastKnownFileType = sourcecode.c.h; path = FilterPopoverViewCell.h; sourceTree = "<group>"; };
		E90243181F4ACB9400450ADA /* FilterPopoverViewCell.m */ = {isa = PBXFileReference; fileEncoding = 4; lastKnownFileType = sourcecode.c.objc; path = FilterPopoverViewCell.m; sourceTree = "<group>"; };
		E90243191F4ACB9400450ADA /* PopoverAction.h */ = {isa = PBXFileReference; fileEncoding = 4; lastKnownFileType = sourcecode.c.h; path = PopoverAction.h; sourceTree = "<group>"; };
		E902431A1F4ACB9400450ADA /* PopoverAction.m */ = {isa = PBXFileReference; fileEncoding = 4; lastKnownFileType = sourcecode.c.objc; path = PopoverAction.m; sourceTree = "<group>"; };
		E902431B1F4ACB9400450ADA /* PopoverView.h */ = {isa = PBXFileReference; fileEncoding = 4; lastKnownFileType = sourcecode.c.h; path = PopoverView.h; sourceTree = "<group>"; };
		E902431C1F4ACB9400450ADA /* PopoverView.m */ = {isa = PBXFileReference; fileEncoding = 4; lastKnownFileType = sourcecode.c.objc; path = PopoverView.m; sourceTree = "<group>"; };
		E902431D1F4ACB9400450ADA /* PopoverViewCell.h */ = {isa = PBXFileReference; fileEncoding = 4; lastKnownFileType = sourcecode.c.h; path = PopoverViewCell.h; sourceTree = "<group>"; };
		E902431E1F4ACB9400450ADA /* PopoverViewCell.m */ = {isa = PBXFileReference; fileEncoding = 4; lastKnownFileType = sourcecode.c.objc; path = PopoverViewCell.m; sourceTree = "<group>"; };
		E902431F1F4ACB9400450ADA /* UCDLiveDemoHeader.h */ = {isa = PBXFileReference; fileEncoding = 4; lastKnownFileType = sourcecode.c.h; path = UCDLiveDemoHeader.h; sourceTree = "<group>"; };
		E90243201F4ACB9400450ADA /* UINavigationController+Rotation.h */ = {isa = PBXFileReference; fileEncoding = 4; lastKnownFileType = sourcecode.c.h; path = "UINavigationController+Rotation.h"; sourceTree = "<group>"; };
		E90243211F4ACB9400450ADA /* UINavigationController+Rotation.m */ = {isa = PBXFileReference; fileEncoding = 4; lastKnownFileType = sourcecode.c.objc; path = "UINavigationController+Rotation.m"; sourceTree = "<group>"; };
		E90243221F4ACB9400450ADA /* UITabBarController+shouldAutorotate.h */ = {isa = PBXFileReference; fileEncoding = 4; lastKnownFileType = sourcecode.c.h; path = "UITabBarController+shouldAutorotate.h"; sourceTree = "<group>"; };
		E90243231F4ACB9400450ADA /* UITabBarController+shouldAutorotate.m */ = {isa = PBXFileReference; fileEncoding = 4; lastKnownFileType = sourcecode.c.objc; path = "UITabBarController+shouldAutorotate.m"; sourceTree = "<group>"; };
		E90243261F4ACB9400450ADA /* CAAnimation+Extensions.h */ = {isa = PBXFileReference; fileEncoding = 4; lastKnownFileType = sourcecode.c.h; path = "CAAnimation+Extensions.h"; sourceTree = "<group>"; };
		E90243271F4ACB9400450ADA /* CAAnimation+Extensions.m */ = {isa = PBXFileReference; fileEncoding = 4; lastKnownFileType = sourcecode.c.objc; path = "CAAnimation+Extensions.m"; sourceTree = "<group>"; };
		E90243291F4ACB9400450ADA /* JGProgressHUD Resources.bundle */ = {isa = PBXFileReference; lastKnownFileType = "wrapper.plug-in"; path = "JGProgressHUD Resources.bundle"; sourceTree = "<group>"; };
		E902432A1F4ACB9400450ADA /* JGProgressHUD-Defines.h */ = {isa = PBXFileReference; fileEncoding = 4; lastKnownFileType = sourcecode.c.h; path = "JGProgressHUD-Defines.h"; sourceTree = "<group>"; };
		E902432B1F4ACB9400450ADA /* JGProgressHUD.h */ = {isa = PBXFileReference; fileEncoding = 4; lastKnownFileType = sourcecode.c.h; path = JGProgressHUD.h; sourceTree = "<group>"; };
		E902432C1F4ACB9400450ADA /* JGProgressHUD.m */ = {isa = PBXFileReference; fileEncoding = 4; lastKnownFileType = sourcecode.c.objc; path = JGProgressHUD.m; sourceTree = "<group>"; };
		E902432D1F4ACB9400450ADA /* JGProgressHUDAnimation.h */ = {isa = PBXFileReference; fileEncoding = 4; lastKnownFileType = sourcecode.c.h; path = JGProgressHUDAnimation.h; sourceTree = "<group>"; };
		E902432E1F4ACB9400450ADA /* JGProgressHUDAnimation.m */ = {isa = PBXFileReference; fileEncoding = 4; lastKnownFileType = sourcecode.c.objc; path = JGProgressHUDAnimation.m; sourceTree = "<group>"; };
		E902432F1F4ACB9400450ADA /* JGProgressHUDErrorIndicatorView.h */ = {isa = PBXFileReference; fileEncoding = 4; lastKnownFileType = sourcecode.c.h; path = JGProgressHUDErrorIndicatorView.h; sourceTree = "<group>"; };
		E90243301F4ACB9400450ADA /* JGProgressHUDErrorIndicatorView.m */ = {isa = PBXFileReference; fileEncoding = 4; lastKnownFileType = sourcecode.c.objc; path = JGProgressHUDErrorIndicatorView.m; sourceTree = "<group>"; };
		E90243311F4ACB9400450ADA /* JGProgressHUDFadeAnimation.h */ = {isa = PBXFileReference; fileEncoding = 4; lastKnownFileType = sourcecode.c.h; path = JGProgressHUDFadeAnimation.h; sourceTree = "<group>"; };
		E90243321F4ACB9400450ADA /* JGProgressHUDFadeAnimation.m */ = {isa = PBXFileReference; fileEncoding = 4; lastKnownFileType = sourcecode.c.objc; path = JGProgressHUDFadeAnimation.m; sourceTree = "<group>"; };
		E90243331F4ACB9400450ADA /* JGProgressHUDFadeZoomAnimation.h */ = {isa = PBXFileReference; fileEncoding = 4; lastKnownFileType = sourcecode.c.h; path = JGProgressHUDFadeZoomAnimation.h; sourceTree = "<group>"; };
		E90243341F4ACB9400450ADA /* JGProgressHUDFadeZoomAnimation.m */ = {isa = PBXFileReference; fileEncoding = 4; lastKnownFileType = sourcecode.c.objc; path = JGProgressHUDFadeZoomAnimation.m; sourceTree = "<group>"; };
		E90243351F4ACB9400450ADA /* JGProgressHUDImageIndicatorView.h */ = {isa = PBXFileReference; fileEncoding = 4; lastKnownFileType = sourcecode.c.h; path = JGProgressHUDImageIndicatorView.h; sourceTree = "<group>"; };
		E90243361F4ACB9400450ADA /* JGProgressHUDImageIndicatorView.m */ = {isa = PBXFileReference; fileEncoding = 4; lastKnownFileType = sourcecode.c.objc; path = JGProgressHUDImageIndicatorView.m; sourceTree = "<group>"; };
		E90243371F4ACB9400450ADA /* JGProgressHUDIndeterminateIndicatorView.h */ = {isa = PBXFileReference; fileEncoding = 4; lastKnownFileType = sourcecode.c.h; path = JGProgressHUDIndeterminateIndicatorView.h; sourceTree = "<group>"; };
		E90243381F4ACB9400450ADA /* JGProgressHUDIndeterminateIndicatorView.m */ = {isa = PBXFileReference; fileEncoding = 4; lastKnownFileType = sourcecode.c.objc; path = JGProgressHUDIndeterminateIndicatorView.m; sourceTree = "<group>"; };
		E90243391F4ACB9400450ADA /* JGProgressHUDIndicatorView.h */ = {isa = PBXFileReference; fileEncoding = 4; lastKnownFileType = sourcecode.c.h; path = JGProgressHUDIndicatorView.h; sourceTree = "<group>"; };
		E902433A1F4ACB9400450ADA /* JGProgressHUDIndicatorView.m */ = {isa = PBXFileReference; fileEncoding = 4; lastKnownFileType = sourcecode.c.objc; path = JGProgressHUDIndicatorView.m; sourceTree = "<group>"; };
		E902433B1F4ACB9400450ADA /* JGProgressHUDPieIndicatorView.h */ = {isa = PBXFileReference; fileEncoding = 4; lastKnownFileType = sourcecode.c.h; path = JGProgressHUDPieIndicatorView.h; sourceTree = "<group>"; };
		E902433C1F4ACB9400450ADA /* JGProgressHUDPieIndicatorView.m */ = {isa = PBXFileReference; fileEncoding = 4; lastKnownFileType = sourcecode.c.objc; path = JGProgressHUDPieIndicatorView.m; sourceTree = "<group>"; };
		E902433D1F4ACB9400450ADA /* JGProgressHUDRingIndicatorView.h */ = {isa = PBXFileReference; fileEncoding = 4; lastKnownFileType = sourcecode.c.h; path = JGProgressHUDRingIndicatorView.h; sourceTree = "<group>"; };
		E902433E1F4ACB9400450ADA /* JGProgressHUDRingIndicatorView.m */ = {isa = PBXFileReference; fileEncoding = 4; lastKnownFileType = sourcecode.c.objc; path = JGProgressHUDRingIndicatorView.m; sourceTree = "<group>"; };
		E902433F1F4ACB9400450ADA /* JGProgressHUDSuccessIndicatorView.h */ = {isa = PBXFileReference; fileEncoding = 4; lastKnownFileType = sourcecode.c.h; path = JGProgressHUDSuccessIndicatorView.h; sourceTree = "<group>"; };
		E90243401F4ACB9400450ADA /* JGProgressHUDSuccessIndicatorView.m */ = {isa = PBXFileReference; fileEncoding = 4; lastKnownFileType = sourcecode.c.objc; path = JGProgressHUDSuccessIndicatorView.m; sourceTree = "<group>"; };
		E90243421F4ACB9400450ADA /* LUNGradientView.h */ = {isa = PBXFileReference; fileEncoding = 4; lastKnownFileType = sourcecode.c.h; path = LUNGradientView.h; sourceTree = "<group>"; };
		E90243431F4ACB9400450ADA /* LUNGradientView.m */ = {isa = PBXFileReference; fileEncoding = 4; lastKnownFileType = sourcecode.c.objc; path = LUNGradientView.m; sourceTree = "<group>"; };
		E90243441F4ACB9400450ADA /* LUNSegmentedControl.h */ = {isa = PBXFileReference; fileEncoding = 4; lastKnownFileType = sourcecode.c.h; path = LUNSegmentedControl.h; sourceTree = "<group>"; };
		E90243451F4ACB9400450ADA /* LUNSegmentedControl.m */ = {isa = PBXFileReference; fileEncoding = 4; lastKnownFileType = sourcecode.c.objc; path = LUNSegmentedControl.m; sourceTree = "<group>"; };
		E90243461F4ACB9400450ADA /* UIView+LUNRemoveConstraints.h */ = {isa = PBXFileReference; fileEncoding = 4; lastKnownFileType = sourcecode.c.h; path = "UIView+LUNRemoveConstraints.h"; sourceTree = "<group>"; };
		E90243471F4ACB9400450ADA /* UIView+LUNRemoveConstraints.m */ = {isa = PBXFileReference; fileEncoding = 4; lastKnownFileType = sourcecode.c.objc; path = "UIView+LUNRemoveConstraints.m"; sourceTree = "<group>"; };
		E90243491F4ACB9400450ADA /* RadioBox.h */ = {isa = PBXFileReference; fileEncoding = 4; lastKnownFileType = sourcecode.c.h; path = RadioBox.h; sourceTree = "<group>"; };
		E902434A1F4ACB9400450ADA /* RadioBox.m */ = {isa = PBXFileReference; fileEncoding = 4; lastKnownFileType = sourcecode.c.objc; path = RadioBox.m; sourceTree = "<group>"; };
		E902434B1F4ACB9400450ADA /* RadioGroup.h */ = {isa = PBXFileReference; fileEncoding = 4; lastKnownFileType = sourcecode.c.h; path = RadioGroup.h; sourceTree = "<group>"; };
		E902434C1F4ACB9400450ADA /* RadioGroup.m */ = {isa = PBXFileReference; fileEncoding = 4; lastKnownFileType = sourcecode.c.objc; path = RadioGroup.m; sourceTree = "<group>"; };
		E902434E1F4ACB9400450ADA /* UMMobClick.framework */ = {isa = PBXFileReference; lastKnownFileType = wrapper.framework; path = UMMobClick.framework; sourceTree = "<group>"; };
		E90243501F4ACB9400450ADA /* GetLogFile.h */ = {isa = PBXFileReference; fileEncoding = 4; lastKnownFileType = sourcecode.c.h; path = GetLogFile.h; sourceTree = "<group>"; };
		E90243511F4ACB9400450ADA /* GetLogFile.m */ = {isa = PBXFileReference; fileEncoding = 4; lastKnownFileType = sourcecode.c.objc; path = GetLogFile.m; sourceTree = "<group>"; };
		E90243521F4ACB9400450ADA /* InfoView.h */ = {isa = PBXFileReference; fileEncoding = 4; lastKnownFileType = sourcecode.c.h; path = InfoView.h; sourceTree = "<group>"; };
		E90243531F4ACB9400450ADA /* InfoView.m */ = {isa = PBXFileReference; fileEncoding = 4; lastKnownFileType = sourcecode.c.objc; path = InfoView.m; sourceTree = "<group>"; };
		E90243541F4ACB9400450ADA /* LogImageSource.bundle */ = {isa = PBXFileReference; lastKnownFileType = "wrapper.plug-in"; path = LogImageSource.bundle; sourceTree = "<group>"; };
		E90243551F4ACB9400450ADA /* XTPopView.h */ = {isa = PBXFileReference; fileEncoding = 4; lastKnownFileType = sourcecode.c.h; path = XTPopView.h; sourceTree = "<group>"; };
		E90243561F4ACB9400450ADA /* XTPopView.m */ = {isa = PBXFileReference; fileEncoding = 4; lastKnownFileType = sourcecode.c.objc; path = XTPopView.m; sourceTree = "<group>"; };
		E90243571F4ACB9400450ADA /* ZJLogManger.h */ = {isa = PBXFileReference; fileEncoding = 4; lastKnownFileType = sourcecode.c.h; path = ZJLogManger.h; sourceTree = "<group>"; };
		E90243581F4ACB9400450ADA /* ZJLogManger.m */ = {isa = PBXFileReference; fileEncoding = 4; lastKnownFileType = sourcecode.c.objc; path = ZJLogManger.m; sourceTree = "<group>"; };
		E90243591F4ACB9400450ADA /* ZJLogTextView.h */ = {isa = PBXFileReference; fileEncoding = 4; lastKnownFileType = sourcecode.c.h; path = ZJLogTextView.h; sourceTree = "<group>"; };
		E902435A1F4ACB9400450ADA /* ZJLogTextView.m */ = {isa = PBXFileReference; fileEncoding = 4; lastKnownFileType = sourcecode.c.objc; path = ZJLogTextView.m; sourceTree = "<group>"; };
		E90243F41F4AD9E600450ADA /* AboutViewController.h */ = {isa = PBXFileReference; fileEncoding = 4; lastKnownFileType = sourcecode.c.h; path = AboutViewController.h; sourceTree = "<group>"; };
		E90243F51F4AD9E600450ADA /* AboutViewController.m */ = {isa = PBXFileReference; fileEncoding = 4; lastKnownFileType = sourcecode.c.objc; path = AboutViewController.m; sourceTree = "<group>"; };
		E90243F61F4AD9E600450ADA /* AppDelegate.h */ = {isa = PBXFileReference; fileEncoding = 4; lastKnownFileType = sourcecode.c.h; path = AppDelegate.h; sourceTree = "<group>"; };
		E90243F71F4AD9E600450ADA /* AppDelegate.m */ = {isa = PBXFileReference; fileEncoding = 4; lastKnownFileType = sourcecode.c.objc; path = AppDelegate.m; sourceTree = "<group>"; };
		E90243F81F4AD9E600450ADA /* Assets.xcassets */ = {isa = PBXFileReference; lastKnownFileType = folder.assetcatalog; path = Assets.xcassets; sourceTree = "<group>"; };
		E90243FA1F4AD9E600450ADA /* LaunchScreen.storyboard */ = {isa = PBXFileReference; fileEncoding = 4; lastKnownFileType = file.storyboard; path = LaunchScreen.storyboard; sourceTree = "<group>"; };
		E90243FB1F4AD9E600450ADA /* Main.storyboard */ = {isa = PBXFileReference; fileEncoding = 4; lastKnownFileType = file.storyboard; path = Main.storyboard; sourceTree = "<group>"; };
		E90243FC1F4AD9E600450ADA /* PlayViewController.h */ = {isa = PBXFileReference; fileEncoding = 4; lastKnownFileType = sourcecode.c.h; path = PlayViewController.h; sourceTree = "<group>"; };
		E90243FD1F4AD9E600450ADA /* PlayViewController.m */ = {isa = PBXFileReference; fileEncoding = 4; lastKnownFileType = sourcecode.c.objc; path = PlayViewController.m; sourceTree = "<group>"; };
		E90243FE1F4AD9E600450ADA /* PublishViewController.h */ = {isa = PBXFileReference; fileEncoding = 4; lastKnownFileType = sourcecode.c.h; path = PublishViewController.h; sourceTree = "<group>"; };
		E90243FF1F4AD9E600450ADA /* PublishViewController.m */ = {isa = PBXFileReference; fileEncoding = 4; lastKnownFileType = sourcecode.c.objc; path = PublishViewController.m; sourceTree = "<group>"; };
		E90244001F4AD9E600450ADA /* RTCLiveViewController.h */ = {isa = PBXFileReference; fileEncoding = 4; lastKnownFileType = sourcecode.c.h; path = RTCLiveViewController.h; sourceTree = "<group>"; };
		E90244011F4AD9E600450ADA /* RTCLiveViewController.m */ = {isa = PBXFileReference; fileEncoding = 4; lastKnownFileType = sourcecode.c.objc; path = RTCLiveViewController.m; sourceTree = "<group>"; };
		E90244021F4AD9E600450ADA /* RTCMenuViewController.h */ = {isa = PBXFileReference; fileEncoding = 4; lastKnownFileType = sourcecode.c.h; path = RTCMenuViewController.h; sourceTree = "<group>"; };
		E90244031F4AD9E600450ADA /* RTCMenuViewController.m */ = {isa = PBXFileReference; fileEncoding = 4; lastKnownFileType = sourcecode.c.objc; path = RTCMenuViewController.m; sourceTree = "<group>"; };
		E90244041F4AD9E600450ADA /* UCDLiveDemoHeader.h */ = {isa = PBXFileReference; fileEncoding = 4; lastKnownFileType = sourcecode.c.h; path = UCDLiveDemoHeader.h; sourceTree = "<group>"; };
		E90244051F4AD9E600450ADA /* ViewController.h */ = {isa = PBXFileReference; fileEncoding = 4; lastKnownFileType = sourcecode.c.h; path = ViewController.h; sourceTree = "<group>"; };
		E90244061F4AD9E600450ADA /* ViewController.m */ = {isa = PBXFileReference; fileEncoding = 4; lastKnownFileType = sourcecode.c.objc; path = ViewController.m; sourceTree = "<group>"; };
		E90244121F4ADBA500450ADA /* UCloudMediaRecorderDemo-prefix.pch */ = {isa = PBXFileReference; lastKnownFileType = sourcecode.c.h; path = "UCloudMediaRecorderDemo-prefix.pch"; sourceTree = "<group>"; };
		E909B3561E825863002ABC4F /* CoreTelephony.framework */ = {isa = PBXFileReference; lastKnownFileType = wrapper.framework; name = CoreTelephony.framework; path = System/Library/Frameworks/CoreTelephony.framework; sourceTree = SDKROOT; };
		E9271D401C3CC735000DBADF /* CoreVideo.framework */ = {isa = PBXFileReference; lastKnownFileType = wrapper.framework; name = CoreVideo.framework; path = System/Library/Frameworks/CoreVideo.framework; sourceTree = SDKROOT; };
		E9271D421C3CC749000DBADF /* OpenGLES.framework */ = {isa = PBXFileReference; lastKnownFileType = wrapper.framework; name = OpenGLES.framework; path = System/Library/Frameworks/OpenGLES.framework; sourceTree = SDKROOT; };
		E9271D441C3CC752000DBADF /* QuartzCore.framework */ = {isa = PBXFileReference; lastKnownFileType = wrapper.framework; name = QuartzCore.framework; path = System/Library/Frameworks/QuartzCore.framework; sourceTree = SDKROOT; };
		E92E18E81E9F50F000CD6F1C /* libsqlite3.tbd */ = {isa = PBXFileReference; lastKnownFileType = "sourcecode.text-based-dylib-definition"; name = libsqlite3.tbd; path = usr/lib/libsqlite3.tbd; sourceTree = SDKROOT; };
		E93208761F4AE08400FDEC3F /* libstdc++.6.tbd */ = {isa = PBXFileReference; lastKnownFileType = "sourcecode.text-based-dylib-definition"; name = "libstdc++.6.tbd"; path = "usr/lib/libstdc++.6.tbd"; sourceTree = SDKROOT; };
		E93208781F4AE08C00FDEC3F /* libpthread.tbd */ = {isa = PBXFileReference; lastKnownFileType = "sourcecode.text-based-dylib-definition"; name = libpthread.tbd; path = usr/lib/libpthread.tbd; sourceTree = SDKROOT; };
		E932087A1F4AE0A400FDEC3F /* libicucore.tbd */ = {isa = PBXFileReference; lastKnownFileType = "sourcecode.text-based-dylib-definition"; name = libicucore.tbd; path = usr/lib/libicucore.tbd; sourceTree = SDKROOT; };
		E932087C1F4AE0AE00FDEC3F /* GLKit.framework */ = {isa = PBXFileReference; lastKnownFileType = wrapper.framework; name = GLKit.framework; path = System/Library/Frameworks/GLKit.framework; sourceTree = SDKROOT; };
		E932087E1F4AE0BA00FDEC3F /* CoreMotion.framework */ = {isa = PBXFileReference; lastKnownFileType = wrapper.framework; name = CoreMotion.framework; path = System/Library/Frameworks/CoreMotion.framework; sourceTree = SDKROOT; };
		E93208801F4AE0D400FDEC3F /* CoreGraphics.framework */ = {isa = PBXFileReference; lastKnownFileType = wrapper.framework; name = CoreGraphics.framework; path = System/Library/Frameworks/CoreGraphics.framework; sourceTree = SDKROOT; };
		E94670CF1BD78B9B00374D7A /* UCloudMediaRecorderDemo.app */ = {isa = PBXFileReference; explicitFileType = wrapper.application; includeInIndex = 0; path = UCloudMediaRecorderDemo.app; sourceTree = BUILT_PRODUCTS_DIR; };
		E94670D31BD78B9B00374D7A /* Info.plist */ = {isa = PBXFileReference; lastKnownFileType = text.plist.xml; path = Info.plist; sourceTree = "<group>"; };
		E94670D41BD78B9B00374D7A /* main.m */ = {isa = PBXFileReference; lastKnownFileType = sourcecode.c.objc; path = main.m; sourceTree = "<group>"; };
		E94670ED1BD78B9B00374D7A /* Info.plist */ = {isa = PBXFileReference; lastKnownFileType = text.plist.xml; path = Info.plist; sourceTree = "<group>"; };
		E94670EE1BD78B9B00374D7A /* UCloudMediaRecorderDemoTests.m */ = {isa = PBXFileReference; lastKnownFileType = sourcecode.c.objc; path = UCloudMediaRecorderDemoTests.m; sourceTree = "<group>"; };
		E958BBAD1F7CE2A000C79AFD /* libresolv.tbd */ = {isa = PBXFileReference; lastKnownFileType = "sourcecode.text-based-dylib-definition"; name = libresolv.tbd; path = usr/lib/libresolv.tbd; sourceTree = SDKROOT; };
		E96627751BE75E4000FA5B03 /* AudioToolbox.framework */ = {isa = PBXFileReference; lastKnownFileType = wrapper.framework; name = AudioToolbox.framework; path = System/Library/Frameworks/AudioToolbox.framework; sourceTree = SDKROOT; };
		E96627771BE75E4900FA5B03 /* VideoToolbox.framework */ = {isa = PBXFileReference; lastKnownFileType = wrapper.framework; name = VideoToolbox.framework; path = System/Library/Frameworks/VideoToolbox.framework; sourceTree = SDKROOT; };
		E96627791BE75E5000FA5B03 /* AVFoundation.framework */ = {isa = PBXFileReference; lastKnownFileType = wrapper.framework; name = AVFoundation.framework; path = System/Library/Frameworks/AVFoundation.framework; sourceTree = SDKROOT; };
		E966277B1BE75E5D00FA5B03 /* CoreMedia.framework */ = {isa = PBXFileReference; lastKnownFileType = wrapper.framework; name = CoreMedia.framework; path = System/Library/Frameworks/CoreMedia.framework; sourceTree = SDKROOT; };
		E96F3D891C17FE410099718A /* Default-568h@2x.png */ = {isa = PBXFileReference; lastKnownFileType = image.png; name = "Default-568h@2x.png"; path = "../Default-568h@2x.png"; sourceTree = "<group>"; };
		E9ED2EDE1C0C551100BA59A6 /* libc++.tbd */ = {isa = PBXFileReference; lastKnownFileType = "sourcecode.text-based-dylib-definition"; name = "libc++.tbd"; path = "usr/lib/libc++.tbd"; sourceTree = SDKROOT; };
		E9ED2EE01C0C551900BA59A6 /* libz.tbd */ = {isa = PBXFileReference; lastKnownFileType = "sourcecode.text-based-dylib-definition"; name = libz.tbd; path = usr/lib/libz.tbd; sourceTree = SDKROOT; };
/* End PBXFileReference section */

/* Begin PBXFrameworksBuildPhase section */
		E94670CC1BD78B9B00374D7A /* Frameworks */ = {
			isa = PBXFrameworksBuildPhase;
			buildActionMask = 2147483647;
			files = (
				E958BBAE1F7CE2A100C79AFD /* libresolv.tbd in Frameworks */,
				E979E3B11F4C24D70030EF4C /* CoreTelephony.framework in Frameworks */,
				E979E3B01F4C24CB0030EF4C /* libsqlite3.tbd in Frameworks */,
				E9271D411C3CC735000DBADF /* CoreVideo.framework in Frameworks */,
				E9ED2EE11C0C551900BA59A6 /* libz.tbd in Frameworks */,
				E9ED2EDF1C0C551100BA59A6 /* libc++.tbd in Frameworks */,
				E966277C1BE75E5D00FA5B03 /* CoreMedia.framework in Frameworks */,
				E966277A1BE75E5000FA5B03 /* AVFoundation.framework in Frameworks */,
				E90243A31F4ACB9400450ADA /* UMMobClick.framework in Frameworks */,
				E96627781BE75E4900FA5B03 /* VideoToolbox.framework in Frameworks */,
				E96627761BE75E4000FA5B03 /* AudioToolbox.framework in Frameworks */,
				A609C91E6FB2613CEF9D818C /* libPods-UCloudMediaRecorderDemo.a in Frameworks */,
			);
			runOnlyForDeploymentPostprocessing = 0;
		};
/* End PBXFrameworksBuildPhase section */

/* Begin PBXGroup section */
		49B8C581A9F8E9D76493499A /* Pods */ = {
			isa = PBXGroup;
			children = (
				E3144B3E1F62A6D07A906E62 /* Pods-UCloudMediaRecorderDemo.debug.xcconfig */,
				15DC108CA576EBCC27F13835 /* Pods-UCloudMediaRecorderDemo.release.xcconfig */,
			);
			name = Pods;
			sourceTree = "<group>";
		};
		E902430E1F4ACB9400450ADA /* RTCSource */ = {
			isa = PBXGroup;
			children = (
				E902430F1F4ACB9400450ADA /* UCDAgoraClient.h */,
				E90243101F4ACB9400450ADA /* UCDAgoraClient.mm */,
				E90243111F4ACB9400450ADA /* UCDAgoraServiceKit.h */,
				E90243121F4ACB9400450ADA /* UCDAgoraServiceKit.m */,
			);
			path = RTCSource;
			sourceTree = "<group>";
		};
		E90243131F4ACB9400450ADA /* Tools */ = {
			isa = PBXGroup;
			children = (
				E90243141F4ACB9400450ADA /* NetworkInfo.h */,
				E90243151F4ACB9400450ADA /* NetworkInfo.m */,
				E90243161F4ACB9400450ADA /* PopoverView */,
				E902431F1F4ACB9400450ADA /* UCDLiveDemoHeader.h */,
				E90243201F4ACB9400450ADA /* UINavigationController+Rotation.h */,
				E90243211F4ACB9400450ADA /* UINavigationController+Rotation.m */,
				E90243221F4ACB9400450ADA /* UITabBarController+shouldAutorotate.h */,
				E90243231F4ACB9400450ADA /* UITabBarController+shouldAutorotate.m */,
			);
			path = Tools;
			sourceTree = "<group>";
		};
		E90243161F4ACB9400450ADA /* PopoverView */ = {
			isa = PBXGroup;
			children = (
				E90243171F4ACB9400450ADA /* FilterPopoverViewCell.h */,
				E90243181F4ACB9400450ADA /* FilterPopoverViewCell.m */,
				E90243191F4ACB9400450ADA /* PopoverAction.h */,
				E902431A1F4ACB9400450ADA /* PopoverAction.m */,
				E902431B1F4ACB9400450ADA /* PopoverView.h */,
				E902431C1F4ACB9400450ADA /* PopoverView.m */,
				E902431D1F4ACB9400450ADA /* PopoverViewCell.h */,
				E902431E1F4ACB9400450ADA /* PopoverViewCell.m */,
			);
			path = PopoverView;
			sourceTree = "<group>";
		};
		E90243241F4ACB9400450ADA /* Vender */ = {
			isa = PBXGroup;
			children = (
				E90243251F4ACB9400450ADA /* BEMCheckBox */,
				E90243261F4ACB9400450ADA /* CAAnimation+Extensions.h */,
				E90243271F4ACB9400450ADA /* CAAnimation+Extensions.m */,
				E90243281F4ACB9400450ADA /* JGProgressHUD */,
				E90243411F4ACB9400450ADA /* LUNSegmentedControl */,
				E90243481F4ACB9400450ADA /* RadioControl */,
				E902434D1F4ACB9400450ADA /* UIradioBox */,
				E902434E1F4ACB9400450ADA /* UMMobClick.framework */,
				E902434F1F4ACB9400450ADA /* ZJDebugView */,
			);
			path = Vender;
			sourceTree = "<group>";
		};
		E90243251F4ACB9400450ADA /* BEMCheckBox */ = {
			isa = PBXGroup;
			children = (
			);
			path = BEMCheckBox;
			sourceTree = "<group>";
		};
		E90243281F4ACB9400450ADA /* JGProgressHUD */ = {
			isa = PBXGroup;
			children = (
				E90243291F4ACB9400450ADA /* JGProgressHUD Resources.bundle */,
				E902432A1F4ACB9400450ADA /* JGProgressHUD-Defines.h */,
				E902432B1F4ACB9400450ADA /* JGProgressHUD.h */,
				E902432C1F4ACB9400450ADA /* JGProgressHUD.m */,
				E902432D1F4ACB9400450ADA /* JGProgressHUDAnimation.h */,
				E902432E1F4ACB9400450ADA /* JGProgressHUDAnimation.m */,
				E902432F1F4ACB9400450ADA /* JGProgressHUDErrorIndicatorView.h */,
				E90243301F4ACB9400450ADA /* JGProgressHUDErrorIndicatorView.m */,
				E90243311F4ACB9400450ADA /* JGProgressHUDFadeAnimation.h */,
				E90243321F4ACB9400450ADA /* JGProgressHUDFadeAnimation.m */,
				E90243331F4ACB9400450ADA /* JGProgressHUDFadeZoomAnimation.h */,
				E90243341F4ACB9400450ADA /* JGProgressHUDFadeZoomAnimation.m */,
				E90243351F4ACB9400450ADA /* JGProgressHUDImageIndicatorView.h */,
				E90243361F4ACB9400450ADA /* JGProgressHUDImageIndicatorView.m */,
				E90243371F4ACB9400450ADA /* JGProgressHUDIndeterminateIndicatorView.h */,
				E90243381F4ACB9400450ADA /* JGProgressHUDIndeterminateIndicatorView.m */,
				E90243391F4ACB9400450ADA /* JGProgressHUDIndicatorView.h */,
				E902433A1F4ACB9400450ADA /* JGProgressHUDIndicatorView.m */,
				E902433B1F4ACB9400450ADA /* JGProgressHUDPieIndicatorView.h */,
				E902433C1F4ACB9400450ADA /* JGProgressHUDPieIndicatorView.m */,
				E902433D1F4ACB9400450ADA /* JGProgressHUDRingIndicatorView.h */,
				E902433E1F4ACB9400450ADA /* JGProgressHUDRingIndicatorView.m */,
				E902433F1F4ACB9400450ADA /* JGProgressHUDSuccessIndicatorView.h */,
				E90243401F4ACB9400450ADA /* JGProgressHUDSuccessIndicatorView.m */,
			);
			path = JGProgressHUD;
			sourceTree = "<group>";
		};
		E90243411F4ACB9400450ADA /* LUNSegmentedControl */ = {
			isa = PBXGroup;
			children = (
				E90243421F4ACB9400450ADA /* LUNGradientView.h */,
				E90243431F4ACB9400450ADA /* LUNGradientView.m */,
				E90243441F4ACB9400450ADA /* LUNSegmentedControl.h */,
				E90243451F4ACB9400450ADA /* LUNSegmentedControl.m */,
				E90243461F4ACB9400450ADA /* UIView+LUNRemoveConstraints.h */,
				E90243471F4ACB9400450ADA /* UIView+LUNRemoveConstraints.m */,
			);
			path = LUNSegmentedControl;
			sourceTree = "<group>";
		};
		E90243481F4ACB9400450ADA /* RadioControl */ = {
			isa = PBXGroup;
			children = (
				E90243491F4ACB9400450ADA /* RadioBox.h */,
				E902434A1F4ACB9400450ADA /* RadioBox.m */,
				E902434B1F4ACB9400450ADA /* RadioGroup.h */,
				E902434C1F4ACB9400450ADA /* RadioGroup.m */,
			);
			path = RadioControl;
			sourceTree = "<group>";
		};
		E902434D1F4ACB9400450ADA /* UIradioBox */ = {
			isa = PBXGroup;
			children = (
			);
			path = UIradioBox;
			sourceTree = "<group>";
		};
		E902434F1F4ACB9400450ADA /* ZJDebugView */ = {
			isa = PBXGroup;
			children = (
				E90243501F4ACB9400450ADA /* GetLogFile.h */,
				E90243511F4ACB9400450ADA /* GetLogFile.m */,
				E90243521F4ACB9400450ADA /* InfoView.h */,
				E90243531F4ACB9400450ADA /* InfoView.m */,
				E90243541F4ACB9400450ADA /* LogImageSource.bundle */,
				E90243551F4ACB9400450ADA /* XTPopView.h */,
				E90243561F4ACB9400450ADA /* XTPopView.m */,
				E90243571F4ACB9400450ADA /* ZJLogManger.h */,
				E90243581F4ACB9400450ADA /* ZJLogManger.m */,
				E90243591F4ACB9400450ADA /* ZJLogTextView.h */,
				E902435A1F4ACB9400450ADA /* ZJLogTextView.m */,
			);
			path = ZJDebugView;
			sourceTree = "<group>";
		};
		E93E8F451CC9D16B0076EC23 /* Frameworks */ = {
			isa = PBXGroup;
			children = (
				E958BBAD1F7CE2A000C79AFD /* libresolv.tbd */,
				E93208801F4AE0D400FDEC3F /* CoreGraphics.framework */,
				E932087E1F4AE0BA00FDEC3F /* CoreMotion.framework */,
				E932087C1F4AE0AE00FDEC3F /* GLKit.framework */,
				E932087A1F4AE0A400FDEC3F /* libicucore.tbd */,
				E93208781F4AE08C00FDEC3F /* libpthread.tbd */,
				E93208761F4AE08400FDEC3F /* libstdc++.6.tbd */,
				E92E18E81E9F50F000CD6F1C /* libsqlite3.tbd */,
				E909B3561E825863002ABC4F /* CoreTelephony.framework */,
				E9271D441C3CC752000DBADF /* QuartzCore.framework */,
				E9271D421C3CC749000DBADF /* OpenGLES.framework */,
				E9271D401C3CC735000DBADF /* CoreVideo.framework */,
				E9ED2EE01C0C551900BA59A6 /* libz.tbd */,
				E9ED2EDE1C0C551100BA59A6 /* libc++.tbd */,
				E966277B1BE75E5D00FA5B03 /* CoreMedia.framework */,
				E96627791BE75E5000FA5B03 /* AVFoundation.framework */,
				E96627771BE75E4900FA5B03 /* VideoToolbox.framework */,
				E96627751BE75E4000FA5B03 /* AudioToolbox.framework */,
				1503CDB86213C731232B15BB /* libPods-UCloudMediaRecorderDemo.a */,
			);
			name = Frameworks;
			sourceTree = "<group>";
		};
		E94670C61BD78B9B00374D7A = {
			isa = PBXGroup;
			children = (
				E94670D11BD78B9B00374D7A /* UCloudMediaRecorderDemo */,
				E94670EB1BD78B9B00374D7A /* UCloudMediaRecorderDemoTests */,
				E93E8F451CC9D16B0076EC23 /* Frameworks */,
				E94670D01BD78B9B00374D7A /* Products */,
				49B8C581A9F8E9D76493499A /* Pods */,
			);
			sourceTree = "<group>";
		};
		E94670D01BD78B9B00374D7A /* Products */ = {
			isa = PBXGroup;
			children = (
				E94670CF1BD78B9B00374D7A /* UCloudMediaRecorderDemo.app */,
			);
			name = Products;
			sourceTree = "<group>";
		};
		E94670D11BD78B9B00374D7A /* UCloudMediaRecorderDemo */ = {
			isa = PBXGroup;
			children = (
				E902430E1F4ACB9400450ADA /* RTCSource */,
				E90243131F4ACB9400450ADA /* Tools */,
				E979E3AF1F4BE2F60030EF4C /* Resources */,
				E90243241F4ACB9400450ADA /* Vender */,
				E90243F61F4AD9E600450ADA /* AppDelegate.h */,
				E90243F71F4AD9E600450ADA /* AppDelegate.m */,
				E90244051F4AD9E600450ADA /* ViewController.h */,
				E90244061F4AD9E600450ADA /* ViewController.m */,
				E90244001F4AD9E600450ADA /* RTCLiveViewController.h */,
				E90244011F4AD9E600450ADA /* RTCLiveViewController.m */,
				E90243FC1F4AD9E600450ADA /* PlayViewController.h */,
				E90243FD1F4AD9E600450ADA /* PlayViewController.m */,
				E90243FE1F4AD9E600450ADA /* PublishViewController.h */,
				E90243FF1F4AD9E600450ADA /* PublishViewController.m */,
				E90244021F4AD9E600450ADA /* RTCMenuViewController.h */,
				E90244031F4AD9E600450ADA /* RTCMenuViewController.m */,
				E90244041F4AD9E600450ADA /* UCDLiveDemoHeader.h */,
				E90243F41F4AD9E600450ADA /* AboutViewController.h */,
				E90243F51F4AD9E600450ADA /* AboutViewController.m */,
				E90243F81F4AD9E600450ADA /* Assets.xcassets */,
				E90243FA1F4AD9E600450ADA /* LaunchScreen.storyboard */,
				E90243FB1F4AD9E600450ADA /* Main.storyboard */,
				E94670D21BD78B9B00374D7A /* Supporting Files */,
			);
			path = UCloudMediaRecorderDemo;
			sourceTree = "<group>";
		};
		E94670D21BD78B9B00374D7A /* Supporting Files */ = {
			isa = PBXGroup;
			children = (
				E94670D31BD78B9B00374D7A /* Info.plist */,
				E94670D41BD78B9B00374D7A /* main.m */,
				E90244121F4ADBA500450ADA /* UCloudMediaRecorderDemo-prefix.pch */,
			);
			name = "Supporting Files";
			sourceTree = "<group>";
		};
		E94670EB1BD78B9B00374D7A /* UCloudMediaRecorderDemoTests */ = {
			isa = PBXGroup;
			children = (
				E94670EE1BD78B9B00374D7A /* UCloudMediaRecorderDemoTests.m */,
				E94670EC1BD78B9B00374D7A /* Supporting Files */,
			);
			path = UCloudMediaRecorderDemoTests;
			sourceTree = "<group>";
		};
		E94670EC1BD78B9B00374D7A /* Supporting Files */ = {
			isa = PBXGroup;
			children = (
				E94670ED1BD78B9B00374D7A /* Info.plist */,
			);
			name = "Supporting Files";
			sourceTree = "<group>";
		};
		E979E3AF1F4BE2F60030EF4C /* Resources */ = {
			isa = PBXGroup;
			children = (
				C1D11FC21DEEE8DE00569A5D /* audioMixTest.mp3 */,
				C1D11FBE1DEEE0CB00569A5D /* ucloud_logo.png */,
				E96F3D891C17FE410099718A /* Default-568h@2x.png */,
			);
			name = Resources;
			sourceTree = "<group>";
		};
/* End PBXGroup section */

/* Begin PBXNativeTarget section */
		E94670CE1BD78B9B00374D7A /* UCloudMediaRecorderDemo */ = {
			isa = PBXNativeTarget;
			buildConfigurationList = E94670F21BD78B9B00374D7A /* Build configuration list for PBXNativeTarget "UCloudMediaRecorderDemo" */;
			buildPhases = (
				C14308A79DC64C5A38DD367D /* [CP] Check Pods Manifest.lock */,
				E94670CB1BD78B9B00374D7A /* Sources */,
				E94670CC1BD78B9B00374D7A /* Frameworks */,
				E94670CD1BD78B9B00374D7A /* Resources */,
				E916BED21DB791A400EB581E /* Embed Frameworks */,
				095F5A1DAA0C0FA97204CF6C /* [CP] Embed Pods Frameworks */,
				7E740208ABADC6629710ACC3 /* [CP] Copy Pods Resources */,
			);
			buildRules = (
			);
			dependencies = (
			);
			name = UCloudMediaRecorderDemo;
			productName = UCloudMediaRecorderDemo;
			productReference = E94670CF1BD78B9B00374D7A /* UCloudMediaRecorderDemo.app */;
			productType = "com.apple.product-type.application";
		};
/* End PBXNativeTarget section */

/* Begin PBXProject section */
		E94670C71BD78B9B00374D7A /* Project object */ = {
			isa = PBXProject;
			attributes = {
				LastUpgradeCheck = 0900;
				ORGANIZATIONNAME = "https://ucloud.cn/";
				TargetAttributes = {
					E94670CE1BD78B9B00374D7A = {
						CreatedOnToolsVersion = 6.4;
						DevelopmentTeam = CFP9KY4MGC;
						ProvisioningStyle = Manual;
					};
				};
			};
			buildConfigurationList = E94670CA1BD78B9B00374D7A /* Build configuration list for PBXProject "UCloudMediaRecorderDemo" */;
			compatibilityVersion = "Xcode 3.2";
			developmentRegion = English;
			hasScannedForEncodings = 0;
			knownRegions = (
				en,
				Base,
			);
			mainGroup = E94670C61BD78B9B00374D7A;
			productRefGroup = E94670D01BD78B9B00374D7A /* Products */;
			projectDirPath = "";
			projectRoot = "";
			targets = (
				E94670CE1BD78B9B00374D7A /* UCloudMediaRecorderDemo */,
			);
		};
/* End PBXProject section */

/* Begin PBXResourcesBuildPhase section */
		E94670CD1BD78B9B00374D7A /* Resources */ = {
			isa = PBXResourcesBuildPhase;
			buildActionMask = 2147483647;
			files = (
				C1D11FC31DEEE8DE00569A5D /* audioMixTest.mp3 in Resources */,
				E902440B1F4AD9E600450ADA /* LaunchScreen.storyboard in Resources */,
				E90243A61F4ACB9400450ADA /* LogImageSource.bundle in Resources */,
				C1D11FC01DEEE0CB00569A5D /* ucloud_logo.png in Resources */,
				E96F3D8A1C17FE410099718A /* Default-568h@2x.png in Resources */,
				E902440C1F4AD9E600450ADA /* Main.storyboard in Resources */,
				E90244091F4AD9E600450ADA /* Assets.xcassets in Resources */,
				E90243921F4ACB9400450ADA /* JGProgressHUD Resources.bundle in Resources */,
			);
			runOnlyForDeploymentPostprocessing = 0;
		};
/* End PBXResourcesBuildPhase section */

/* Begin PBXShellScriptBuildPhase section */
		095F5A1DAA0C0FA97204CF6C /* [CP] Embed Pods Frameworks */ = {
			isa = PBXShellScriptBuildPhase;
			buildActionMask = 2147483647;
			files = (
			);
			inputPaths = (
			);
			name = "[CP] Embed Pods Frameworks";
			outputPaths = (
			);
			runOnlyForDeploymentPostprocessing = 0;
			shellPath = /bin/sh;
			shellScript = "\"${SRCROOT}/Pods/Target Support Files/Pods-UCloudMediaRecorderDemo/Pods-UCloudMediaRecorderDemo-frameworks.sh\"\n";
			showEnvVarsInLog = 0;
		};
		7E740208ABADC6629710ACC3 /* [CP] Copy Pods Resources */ = {
			isa = PBXShellScriptBuildPhase;
			buildActionMask = 2147483647;
			files = (
			);
			inputPaths = (
				"${SRCROOT}/Pods/Target Support Files/Pods-UCloudMediaRecorderDemo/Pods-UCloudMediaRecorderDemo-resources.sh",
				"${PODS_ROOT}/../../lib/Recorder/res/1_health.png",
				"${PODS_ROOT}/../../lib/Recorder/res/2_sweety.png",
				"${PODS_ROOT}/../../lib/Recorder/res/3_sepia.png",
				"${PODS_ROOT}/../../lib/Recorder/res/4_blue.png",
				"${PODS_ROOT}/../../lib/Recorder/res/5_amatorka.png",
				"${PODS_ROOT}/../../lib/Recorder/res/6_fairy_tale.png",
				"${PODS_ROOT}/../../lib/Recorder/res/origin_lookup.png",
				"${PODS_ROOT}/../../lib/Recorder/res/s_1.png",
				"${PODS_ROOT}/../../lib/Recorder/res/s_10.png",
				"${PODS_ROOT}/../../lib/Recorder/res/s_11.png",
				"${PODS_ROOT}/../../lib/Recorder/res/s_12.png",
				"${PODS_ROOT}/../../lib/Recorder/res/s_2.png",
				"${PODS_ROOT}/../../lib/Recorder/res/s_3.png",
				"${PODS_ROOT}/../../lib/Recorder/res/s_4.png",
				"${PODS_ROOT}/../../lib/Recorder/res/s_5.png",
				"${PODS_ROOT}/../../lib/Recorder/res/s_6.png",
				"${PODS_ROOT}/../../lib/Recorder/res/s_7.png",
				"${PODS_ROOT}/../../lib/Recorder/res/s_8.png",
				"${PODS_ROOT}/../../lib/Recorder/res/s_9.png",
			);
			name = "[CP] Copy Pods Resources";
			outputPaths = (
				"${TARGET_BUILD_DIR}/${UNLOCALIZED_RESOURCES_FOLDER_PATH}",
			);
			runOnlyForDeploymentPostprocessing = 0;
			shellPath = /bin/sh;
			shellScript = "\"${SRCROOT}/Pods/Target Support Files/Pods-UCloudMediaRecorderDemo/Pods-UCloudMediaRecorderDemo-resources.sh\"\n";
			showEnvVarsInLog = 0;
		};
		C14308A79DC64C5A38DD367D /* [CP] Check Pods Manifest.lock */ = {
			isa = PBXShellScriptBuildPhase;
			buildActionMask = 2147483647;
			files = (
			);
			inputPaths = (
				"${PODS_PODFILE_DIR_PATH}/Podfile.lock",
				"${PODS_ROOT}/Manifest.lock",
			);
			name = "[CP] Check Pods Manifest.lock";
			outputPaths = (
				"$(DERIVED_FILE_DIR)/Pods-UCloudMediaRecorderDemo-checkManifestLockResult.txt",
			);
			runOnlyForDeploymentPostprocessing = 0;
			shellPath = /bin/sh;
			shellScript = "diff \"${PODS_PODFILE_DIR_PATH}/Podfile.lock\" \"${PODS_ROOT}/Manifest.lock\" > /dev/null\nif [ $? != 0 ] ; then\n    # print error to STDERR\n    echo \"error: The sandbox is not in sync with the Podfile.lock. Run 'pod install' or update your CocoaPods installation.\" >&2\n    exit 1\nfi\n# This output is used by Xcode 'outputs' to avoid re-running this script phase.\necho \"SUCCESS\" > \"${SCRIPT_OUTPUT_FILE_0}\"\n";
			showEnvVarsInLog = 0;
		};
/* End PBXShellScriptBuildPhase section */

/* Begin PBXSourcesBuildPhase section */
		E94670CB1BD78B9B00374D7A /* Sources */ = {
			isa = PBXSourcesBuildPhase;
			buildActionMask = 2147483647;
			files = (
				E90243881F4ACB9400450ADA /* UCDAgoraClient.mm in Sources */,
				E90243961F4ACB9400450ADA /* JGProgressHUDFadeAnimation.m in Sources */,
				E902438A1F4ACB9400450ADA /* NetworkInfo.m in Sources */,
				E902439C1F4ACB9400450ADA /* JGProgressHUDRingIndicatorView.m in Sources */,
				E902440E1F4AD9E600450ADA /* PublishViewController.m in Sources */,
				E902439A1F4ACB9400450ADA /* JGProgressHUDIndicatorView.m in Sources */,
				E90243A11F4ACB9400450ADA /* RadioBox.m in Sources */,
				E902438E1F4ACB9400450ADA /* PopoverViewCell.m in Sources */,
				E90243991F4ACB9400450ADA /* JGProgressHUDIndeterminateIndicatorView.m in Sources */,
				E902438C1F4ACB9400450ADA /* PopoverAction.m in Sources */,
				E90243971F4ACB9400450ADA /* JGProgressHUDFadeZoomAnimation.m in Sources */,
				E902439B1F4ACB9400450ADA /* JGProgressHUDPieIndicatorView.m in Sources */,
				E902440F1F4AD9E600450ADA /* RTCLiveViewController.m in Sources */,
				E90243A51F4ACB9400450ADA /* InfoView.m in Sources */,
				E90243A91F4ACB9400450ADA /* ZJLogTextView.m in Sources */,
				E902439E1F4ACB9400450ADA /* LUNGradientView.m in Sources */,
				E90243A41F4ACB9400450ADA /* GetLogFile.m in Sources */,
				E90243A01F4ACB9400450ADA /* UIView+LUNRemoveConstraints.m in Sources */,
				E902440D1F4AD9E600450ADA /* PlayViewController.m in Sources */,
				E90243901F4ACB9400450ADA /* UITabBarController+shouldAutorotate.m in Sources */,
				E90243981F4ACB9400450ADA /* JGProgressHUDImageIndicatorView.m in Sources */,
				E902438F1F4ACB9400450ADA /* UINavigationController+Rotation.m in Sources */,
				E90243931F4ACB9400450ADA /* JGProgressHUD.m in Sources */,
				E90243A71F4ACB9400450ADA /* XTPopView.m in Sources */,
				E90243941F4ACB9400450ADA /* JGProgressHUDAnimation.m in Sources */,
				E902438D1F4ACB9400450ADA /* PopoverView.m in Sources */,
				E902439F1F4ACB9400450ADA /* LUNSegmentedControl.m in Sources */,
				E90243A81F4ACB9400450ADA /* ZJLogManger.m in Sources */,
				E90244071F4AD9E600450ADA /* AboutViewController.m in Sources */,
				E90243891F4ACB9400450ADA /* UCDAgoraServiceKit.m in Sources */,
				E90244101F4AD9E600450ADA /* RTCMenuViewController.m in Sources */,
				E90243951F4ACB9400450ADA /* JGProgressHUDErrorIndicatorView.m in Sources */,
				E902439D1F4ACB9400450ADA /* JGProgressHUDSuccessIndicatorView.m in Sources */,
				E90244111F4AD9E600450ADA /* ViewController.m in Sources */,
				E902438B1F4ACB9400450ADA /* FilterPopoverViewCell.m in Sources */,
				E90243911F4ACB9400450ADA /* CAAnimation+Extensions.m in Sources */,
				E94670D51BD78B9B00374D7A /* main.m in Sources */,
				E90243A21F4ACB9400450ADA /* RadioGroup.m in Sources */,
				E90244081F4AD9E600450ADA /* AppDelegate.m in Sources */,
			);
			runOnlyForDeploymentPostprocessing = 0;
		};
/* End PBXSourcesBuildPhase section */

/* Begin XCBuildConfiguration section */
		E94670F01BD78B9B00374D7A /* Debug */ = {
			isa = XCBuildConfiguration;
			buildSettings = {
				ALWAYS_SEARCH_USER_PATHS = NO;
				CLANG_ANALYZER_NONNULL = YES;
				CLANG_CXX_LANGUAGE_STANDARD = "gnu++0x";
				CLANG_CXX_LIBRARY = "libc++";
				CLANG_ENABLE_MODULES = YES;
				CLANG_ENABLE_OBJC_ARC = YES;
				CLANG_WARN_BLOCK_CAPTURE_AUTORELEASING = YES;
				CLANG_WARN_BOOL_CONVERSION = YES;
				CLANG_WARN_COMMA = YES;
				CLANG_WARN_CONSTANT_CONVERSION = YES;
				CLANG_WARN_DIRECT_OBJC_ISA_USAGE = YES_ERROR;
				CLANG_WARN_DOCUMENTATION_COMMENTS = YES;
				CLANG_WARN_EMPTY_BODY = YES;
				CLANG_WARN_ENUM_CONVERSION = YES;
				CLANG_WARN_INFINITE_RECURSION = YES;
				CLANG_WARN_INT_CONVERSION = YES;
				CLANG_WARN_NON_LITERAL_NULL_CONVERSION = YES;
				CLANG_WARN_OBJC_LITERAL_CONVERSION = YES;
				CLANG_WARN_OBJC_ROOT_CLASS = YES_ERROR;
				CLANG_WARN_RANGE_LOOP_ANALYSIS = YES;
				CLANG_WARN_STRICT_PROTOTYPES = YES;
				CLANG_WARN_SUSPICIOUS_MOVE = YES;
				CLANG_WARN_UNREACHABLE_CODE = YES;
				CLANG_WARN__DUPLICATE_METHOD_MATCH = YES;
				CODE_SIGN_IDENTITY = "iPhone Distribution: Shanghai UCloud Information Technology Co.,Ltd (TKGBFB7R6R)";
				"CODE_SIGN_IDENTITY[sdk=iphoneos*]" = "iPhone Developer";
				COPY_PHASE_STRIP = NO;
				DEBUG_INFORMATION_FORMAT = dwarf;
				ENABLE_STRICT_OBJC_MSGSEND = YES;
				ENABLE_TESTABILITY = YES;
				GCC_C_LANGUAGE_STANDARD = gnu99;
				GCC_DYNAMIC_NO_PIC = NO;
				GCC_NO_COMMON_BLOCKS = YES;
				GCC_OPTIMIZATION_LEVEL = 0;
				GCC_PREPROCESSOR_DEFINITIONS = (
					"DEBUG=1",
					"$(inherited)",
				);
				GCC_WARN_64_TO_32_BIT_CONVERSION = YES;
				GCC_WARN_ABOUT_RETURN_TYPE = YES_ERROR;
				GCC_WARN_UNDECLARED_SELECTOR = YES;
				GCC_WARN_UNINITIALIZED_AUTOS = YES_AGGRESSIVE;
				GCC_WARN_UNUSED_FUNCTION = YES;
				GCC_WARN_UNUSED_VARIABLE = YES;
				IPHONEOS_DEPLOYMENT_TARGET = 8.0;
				MTL_ENABLE_DEBUG_INFO = YES;
				ONLY_ACTIVE_ARCH = YES;
				PROVISIONING_PROFILE = "f68a7287-142e-44b2-bfc0-5318cc7a6403";
				SDKROOT = iphoneos;
			};
			name = Debug;
		};
		E94670F11BD78B9B00374D7A /* Release */ = {
			isa = XCBuildConfiguration;
			buildSettings = {
				ALWAYS_SEARCH_USER_PATHS = NO;
				CLANG_CXX_LANGUAGE_STANDARD = "gnu++0x";
				CLANG_CXX_LIBRARY = "libc++";
				CLANG_ENABLE_MODULES = YES;
				CLANG_ENABLE_OBJC_ARC = YES;
				CLANG_WARN_BLOCK_CAPTURE_AUTORELEASING = YES;
				CLANG_WARN_BOOL_CONVERSION = YES;
				CLANG_WARN_COMMA = YES;
				CLANG_WARN_CONSTANT_CONVERSION = YES;
				CLANG_WARN_DIRECT_OBJC_ISA_USAGE = YES_ERROR;
				CLANG_WARN_DOCUMENTATION_COMMENTS = YES;
				CLANG_WARN_EMPTY_BODY = YES;
				CLANG_WARN_ENUM_CONVERSION = YES;
				CLANG_WARN_INFINITE_RECURSION = YES;
				CLANG_WARN_INT_CONVERSION = YES;
				CLANG_WARN_NON_LITERAL_NULL_CONVERSION = YES;
				CLANG_WARN_OBJC_LITERAL_CONVERSION = YES;
				CLANG_WARN_OBJC_ROOT_CLASS = YES_ERROR;
				CLANG_WARN_RANGE_LOOP_ANALYSIS = YES;
				CLANG_WARN_STRICT_PROTOTYPES = YES;
				CLANG_WARN_SUSPICIOUS_MOVE = YES;
				CLANG_WARN_UNREACHABLE_CODE = YES;
				CLANG_WARN__DUPLICATE_METHOD_MATCH = YES;
				CODE_SIGN_IDENTITY = "iPhone Distribution: Shanghai UCloud Information Technology Co.,Ltd (TKGBFB7R6R)";
				"CODE_SIGN_IDENTITY[sdk=iphoneos*]" = "iPhone Developer";
				COPY_PHASE_STRIP = NO;
				DEBUG_INFORMATION_FORMAT = "dwarf-with-dsym";
				ENABLE_NS_ASSERTIONS = NO;
				ENABLE_STRICT_OBJC_MSGSEND = YES;
				GCC_C_LANGUAGE_STANDARD = gnu99;
				GCC_NO_COMMON_BLOCKS = YES;
				GCC_WARN_64_TO_32_BIT_CONVERSION = YES;
				GCC_WARN_ABOUT_RETURN_TYPE = YES_ERROR;
				GCC_WARN_UNDECLARED_SELECTOR = YES;
				GCC_WARN_UNINITIALIZED_AUTOS = YES_AGGRESSIVE;
				GCC_WARN_UNUSED_FUNCTION = YES;
				GCC_WARN_UNUSED_VARIABLE = YES;
				IPHONEOS_DEPLOYMENT_TARGET = 8.0;
				MTL_ENABLE_DEBUG_INFO = NO;
				PROVISIONING_PROFILE = "f68a7287-142e-44b2-bfc0-5318cc7a6403";
				SDKROOT = iphoneos;
				VALIDATE_PRODUCT = YES;
			};
			name = Release;
		};
		E94670F31BD78B9B00374D7A /* Debug */ = {
			isa = XCBuildConfiguration;
			baseConfigurationReference = E3144B3E1F62A6D07A906E62 /* Pods-UCloudMediaRecorderDemo.debug.xcconfig */;
			buildSettings = {
				ASSETCATALOG_COMPILER_APPICON_NAME = "AppIcon-2";
				CLANG_WARN_DOCUMENTATION_COMMENTS = NO;
				CODE_SIGN_IDENTITY = "iPhone Developer";
				"CODE_SIGN_IDENTITY[sdk=iphoneos*]" = "iPhone Developer";
				DEBUG_INFORMATION_FORMAT = "dwarf-with-dsym";
				DEVELOPMENT_TEAM = CFP9KY4MGC;
				ENABLE_BITCODE = NO;
				FRAMEWORK_SEARCH_PATHS = (
					"$(inherited)",
					"$(PROJECT_DIR)/UCloudMediaRecorderDemo/Vender",
				);
				GCC_PREFIX_HEADER = "$(SRCROOT)/UCloudMediaRecorderDemo/UCloudMediaRecorderDemo-prefix.pch";
				GCC_WARN_64_TO_32_BIT_CONVERSION = NO;
				GCC_WARN_INHIBIT_ALL_WARNINGS = YES;
				HEADER_SEARCH_PATHS = (
					"$(inherited)",
					"$(PROJECT_DIR)/../lib",
				);
				INFOPLIST_FILE = UCloudMediaRecorderDemo/Info.plist;
				LD_RUNPATH_SEARCH_PATHS = "$(inherited) @executable_path/Frameworks";
				LIBRARY_SEARCH_PATHS = "$(inherited)";
				ONLY_ACTIVE_ARCH = YES;
				OTHER_CFLAGS = "";
				PRODUCT_BUNDLE_IDENTIFIER = cn.ucloud.UCloudLiveDemo;
				PRODUCT_NAME = "$(TARGET_NAME)";
				PROVISIONING_PROFILE = "64961819-84f5-4423-8a6e-b5728bc851b1";
				PROVISIONING_PROFILE_SPECIFIER = Wildcard;
				TARGETED_DEVICE_FAMILY = "1,2";
			};
			name = Debug;
		};
		E94670F41BD78B9B00374D7A /* Release */ = {
			isa = XCBuildConfiguration;
			baseConfigurationReference = 15DC108CA576EBCC27F13835 /* Pods-UCloudMediaRecorderDemo.release.xcconfig */;
			buildSettings = {
				ASSETCATALOG_COMPILER_APPICON_NAME = "AppIcon-2";
				CLANG_WARN_DOCUMENTATION_COMMENTS = NO;
				CODE_SIGN_IDENTITY = "iPhone Developer";
				"CODE_SIGN_IDENTITY[sdk=iphoneos*]" = "iPhone Developer";
				DEVELOPMENT_TEAM = CFP9KY4MGC;
				ENABLE_BITCODE = NO;
				FRAMEWORK_SEARCH_PATHS = (
					"$(inherited)",
					"$(PROJECT_DIR)/UCloudMediaRecorderDemo/Vender",
				);
				GCC_PREFIX_HEADER = "$(SRCROOT)/UCloudMediaRecorderDemo/UCloudMediaRecorderDemo-prefix.pch";
				GCC_WARN_64_TO_32_BIT_CONVERSION = NO;
				GCC_WARN_INHIBIT_ALL_WARNINGS = YES;
				HEADER_SEARCH_PATHS = (
					"$(inherited)",
					"$(PROJECT_DIR)/../lib",
				);
				INFOPLIST_FILE = UCloudMediaRecorderDemo/Info.plist;
				LD_RUNPATH_SEARCH_PATHS = "$(inherited) @executable_path/Frameworks";
				LIBRARY_SEARCH_PATHS = "$(inherited)";
				ONLY_ACTIVE_ARCH = YES;
				OTHER_CFLAGS = "";
				PRODUCT_BUNDLE_IDENTIFIER = cn.ucloud.UCloudLiveDemo;
				PRODUCT_NAME = "$(TARGET_NAME)";
				PROVISIONING_PROFILE = "64961819-84f5-4423-8a6e-b5728bc851b1";
				PROVISIONING_PROFILE_SPECIFIER = Wildcard;
				TARGETED_DEVICE_FAMILY = "1,2";
			};
			name = Release;
		};
/* End XCBuildConfiguration section */

/* Begin XCConfigurationList section */
		E94670CA1BD78B9B00374D7A /* Build configuration list for PBXProject "UCloudMediaRecorderDemo" */ = {
			isa = XCConfigurationList;
			buildConfigurations = (
				E94670F01BD78B9B00374D7A /* Debug */,
				E94670F11BD78B9B00374D7A /* Release */,
			);
			defaultConfigurationIsVisible = 0;
			defaultConfigurationName = Release;
		};
		E94670F21BD78B9B00374D7A /* Build configuration list for PBXNativeTarget "UCloudMediaRecorderDemo" */ = {
			isa = XCConfigurationList;
			buildConfigurations = (
				E94670F31BD78B9B00374D7A /* Debug */,
				E94670F41BD78B9B00374D7A /* Release */,
			);
			defaultConfigurationIsVisible = 0;
			defaultConfigurationName = Release;
		};
/* End XCConfigurationList section */
	};
	rootObject = E94670C71BD78B9B00374D7A /* Project object */;
}
